
Microsoft Visual Studio Solution File, Format Version 12.00
Project("{FAE04EC0-301F-11D3-BF4B-00C04F79EFBC}") = "Gaev.Blog.Examples", "Gaev.Blog.Examples.csproj", "{A09956EB-8D8E-45DB-B178-B07883E16099}"
EndProject
Project("{FAE04EC0-301F-11D3-BF4B-00C04F79EFBC}") = "Gaev.Blog.Examples.NetFramework", "..\Gaev.Blog.Examples.NetFramework\Gaev.Blog.Examples.NetFramework.csproj", "{21B703DF-D8A2-4A67-AC85-FFA25E6FAE44}"
EndProject
Global
	GlobalSection(SolutionConfigurationPlatforms) = preSolution
		Debug|Any CPU = Debug|Any CPU
		Release|Any CPU = Release|Any CPU
	EndGlobalSection
	GlobalSection(ProjectConfigurationPlatforms) = postSolution
		{A09956EB-8D8E-45DB-B178-B07883E16099}.Debug|Any CPU.ActiveCfg = Debug|Any CPU
		{A09956EB-8D8E-45DB-B178-B07883E16099}.Debug|Any CPU.Build.0 = Debug|Any CPU
		{A09956EB-8D8E-45DB-B178-B07883E16099}.Release|Any CPU.ActiveCfg = Release|Any CPU
		{A09956EB-8D8E-45DB-B178-B07883E16099}.Release|Any CPU.Build.0 = Release|Any CPU
		{21B703DF-D8A2-4A67-AC85-FFA25E6FAE44}.Debug|Any CPU.ActiveCfg = Debug|Any CPU
		{21B703DF-D8A2-4A67-AC85-FFA25E6FAE44}.Debug|Any CPU.Build.0 = Debug|Any CPU
		{21B703DF-D8A2-4A67-AC85-FFA25E6FAE44}.Release|Any CPU.ActiveCfg = Release|Any CPU
		{21B703DF-D8A2-4A67-AC85-FFA25E6FAE44}.Release|Any CPU.Build.0 = Release|Any CPU
	EndGlobalSection
EndGlobal
